{
  "lockfileVersion": 1,
  "configVersion": 1,
  "workspaces": {
    "": {
      "name": "aws-external-anthropic-token-generator-cli",
      "devDependencies": {
        "@aws/token-generator-for-aws-external-anthropic": "^1.0.0",
        "@biomejs/biome": "^2.5.1",
        "@types/bun": "latest",
        "husky": "^9.1.7",
        "lint-staged": "^17.0.8",
      },
      "peerDependencies": {
        "typescript": "^5",
      },
    },
  },
  "packages": {
    "@aws-crypto/crc32": ["@aws-crypto/crc32@5.2.0", "", { "dependencies": { "@aws-crypto/util": "^5.2.0", "@aws-sdk/types": "^3.222.0", "tslib": "^2.6.2" } }, "sha512-nLbCWqQNgUiwwtFsen1AdzAtvuLRsQS8rYgMuxCrdKf9kOssamGLuPwyTY9wyYblNr9+1XM8v6zoDTPPSIeANg=="],

    "@aws-crypto/sha256-browser": ["@aws-crypto/sha256-browser@5.2.0", "", { "dependencies": { "@aws-crypto/sha256-js": "^5.2.0", "@aws-crypto/supports-web-crypto": "^5.2.0", "@aws-crypto/util": "^5.2.0", "@aws-sdk/types": "^3.222.0", "@aws-sdk/util-locate-window": "^3.0.0", "@smithy/util-utf8": "^2.0.0", "tslib": "^2.6.2" } }, "sha512-AXfN/lGotSQwu6HNcEsIASo7kWXZ5HYWvfOmSNKDsEqC4OashTp8alTmaz+F7TC2L083SFv5RdB+qU3Vs1kZqw=="],

    "@aws-crypto/sha256-js": ["@aws-crypto/sha256-js@5.2.0", "", { "dependencies": { "@aws-crypto/util": "^5.2.0", "@aws-sdk/types": "^3.222.0", "tslib": "^2.6.2" } }, "sha512-FFQQyu7edu4ufvIZ+OadFpHHOt+eSTBaYaki44c+akjg7qZg9oOQeLlk77F6tSYqjDAFClrHJk9tMf0HdVyOvA=="],

    "@aws-crypto/supports-web-crypto": ["@aws-crypto/supports-web-crypto@5.2.0", "", { "dependencies": { "tslib": "^2.6.2" } }, "sha512-iAvUotm021kM33eCdNfwIN//F77/IADDSs58i+MDaOqFrVjZo9bAal0NK7HurRuWLLpF1iLX7gbWrjHjeo+YFg=="],

    "@aws-crypto/util": ["@aws-crypto/util@5.2.0", "", { "dependencies": { "@aws-sdk/types": "^3.222.0", "@smithy/util-utf8": "^2.0.0", "tslib": "^2.6.2" } }, "sha512-4RkU9EsI6ZpBve5fseQlGNUWKMa1RLPQ1dnjnQoe07ldfIzcsGb5hC5W0Dm7u423KWzawlrpbjXBrXCEv9zazQ=="],

    "@aws-sdk/client-cognito-identity": ["@aws-sdk/client-cognito-identity@3.1075.0", "", { "dependencies": { "@aws-crypto/sha256-browser": "5.2.0", "@aws-crypto/sha256-js": "5.2.0", "@aws-sdk/core": "^3.974.23", "@aws-sdk/credential-provider-node": "^3.972.58", "@aws-sdk/types": "^3.973.13", "@smithy/core": "^3.24.6", "@smithy/fetch-http-handler": "^5.4.6", "@smithy/node-http-handler": "^4.7.6", "@smithy/types": "^4.14.3", "tslib": "^2.6.2" } }, "sha512-typFcdyFwIPt86QPKsO7xwcsYoEmNcDpoNqn0tqa4+Lss7niNKQzPe/765XNgAHO3I1ixiT1OKv8KD6M+CKw2w=="],

    "@aws-sdk/core": ["@aws-sdk/core@3.974.23", "", { "dependencies": { "@aws-sdk/types": "^3.973.13", "@aws-sdk/xml-builder": "^3.972.31", "@aws/lambda-invoke-store": "^0.2.2", "@smithy/core": "^3.24.6", "@smithy/signature-v4": "^5.4.6", "@smithy/types": "^4.14.3", "bowser": "^2.11.0", "tslib": "^2.6.2" } }, "sha512-MiWR/uWjxjFXGzrE0Ghc5lWxUxzHsUWFhV+OX7M4cR9SrmrnZs6TXavnCWnzzdwJeFri34xQo81rvGNzK3c4BQ=="],

    "@aws-sdk/credential-provider-cognito-identity": ["@aws-sdk/credential-provider-cognito-identity@3.972.48", "", { "dependencies": { "@aws-sdk/nested-clients": "^3.997.23", "@aws-sdk/types": "^3.973.13", "@smithy/core": "^3.24.6", "@smithy/types": "^4.14.3", "tslib": "^2.6.2" } }, "sha512-dTSY4wCPx87Gd1peDcTop1li61f6KLAs3LSlq/omnCxpIOvMDpAQjylJ7ZDaZk6KA88+oZ0k/XuVSou1YuWI/w=="],

    "@aws-sdk/credential-provider-env": ["@aws-sdk/credential-provider-env@3.972.49", "", { "dependencies": { "@aws-sdk/core": "^3.974.23", "@aws-sdk/types": "^3.973.13", "@smithy/core": "^3.24.6", "@smithy/types": "^4.14.3", "tslib": "^2.6.2" } }, "sha512-liB3yQNHCM9k/gu/w36XHMKPluT7HTlnGUhRbBGSISDQkcr/Sy1zsZabiuvQj8WG5yW573u9RehrBvvnIQ9OEQ=="],

    "@aws-sdk/credential-provider-http": ["@aws-sdk/credential-provider-http@3.972.51", "", { "dependencies": { "@aws-sdk/core": "^3.974.23", "@aws-sdk/types": "^3.973.13", "@smithy/core": "^3.24.6", "@smithy/fetch-http-handler": "^5.4.6", "@smithy/node-http-handler": "^4.7.6", "@smithy/types": "^4.14.3", "tslib": "^2.6.2" } }, "sha512-XET0H2oofciJ5lMRWNIvRjAP7Q3wv2XT+JtJJEdhPWUMwe3TvQ9qcxonpu7vXmNngncvFpi4E2It+Tamas/naA=="],

    "@aws-sdk/credential-provider-ini": ["@aws-sdk/credential-provider-ini@3.972.56", "", { "dependencies": { "@aws-sdk/core": "^3.974.23", "@aws-sdk/credential-provider-env": "^3.972.49", "@aws-sdk/credential-provider-http": "^3.972.51", "@aws-sdk/credential-provider-login": "^3.972.55", "@aws-sdk/credential-provider-process": "^3.972.49", "@aws-sdk/credential-provider-sso": "^3.972.55", "@aws-sdk/credential-provider-web-identity": "^3.972.55", "@aws-sdk/nested-clients": "^3.997.23", "@aws-sdk/types": "^3.973.13", "@smithy/core": "^3.24.6", "@smithy/credential-provider-imds": "^4.3.7", "@smithy/types": "^4.14.3", "tslib": "^2.6.2" } }, "sha512-IAmc61hbgQiHht9U3x0tnRwz0lzdwOwD/i9voRgdJrKamF+JtmrBOsW9GwB7mfFonNWOWL4qARWYrF8veEMe3w=="],

    "@aws-sdk/credential-provider-login": ["@aws-sdk/credential-provider-login@3.972.55", "", { "dependencies": { "@aws-sdk/core": "^3.974.23", "@aws-sdk/nested-clients": "^3.997.23", "@aws-sdk/types": "^3.973.13", "@smithy/core": "^3.24.6", "@smithy/types": "^4.14.3", "tslib": "^2.6.2" } }, "sha512-hBBkANo3cDn+h2qxxzER4a+J8JCO9o9Z/YYmU7iky6AcaarX5RRdRcHNC6SLdwY0vAXQygn6soUbDqPn3GghaA=="],

    "@aws-sdk/credential-provider-node": ["@aws-sdk/credential-provider-node@3.972.58", "", { "dependencies": { "@aws-sdk/credential-provider-env": "^3.972.49", "@aws-sdk/credential-provider-http": "^3.972.51", "@aws-sdk/credential-provider-ini": "^3.972.56", "@aws-sdk/credential-provider-process": "^3.972.49", "@aws-sdk/credential-provider-sso": "^3.972.55", "@aws-sdk/credential-provider-web-identity": "^3.972.55", "@aws-sdk/types": "^3.973.13", "@smithy/core": "^3.24.6", "@smithy/credential-provider-imds": "^4.3.7", "@smithy/types": "^4.14.3", "tslib": "^2.6.2" } }, "sha512-OyCLVmSI7pZO8hxwNVX6pXhTVlJqRBTp+ijdEfJSUj0RyjHnF602OfAarOzGq6wkGodeFkYBt8MmJ6A6ycRgWw=="],

    "@aws-sdk/credential-provider-process": ["@aws-sdk/credential-provider-process@3.972.49", "", { "dependencies": { "@aws-sdk/core": "^3.974.23", "@aws-sdk/types": "^3.973.13", "@smithy/core": "^3.24.6", "@smithy/types": "^4.14.3", "tslib": "^2.6.2" } }, "sha512-C8h36lBuC/RnBSsjlO+dn6xZm3KbAl5vpJaVPAfQnMmz2/OISmKOc8XZcqMQgO2ADwBYNRMM6Kf3vz9G/TulMQ=="],

    "@aws-sdk/credential-provider-sso": ["@aws-sdk/credential-provider-sso@3.972.55", "", { "dependencies": { "@aws-sdk/core": "^3.974.23", "@aws-sdk/nested-clients": "^3.997.23", "@aws-sdk/token-providers": "3.1074.0", "@aws-sdk/types": "^3.973.13", "@smithy/core": "^3.24.6", "@smithy/types": "^4.14.3", "tslib": "^2.6.2" } }, "sha512-1FkOz74Ea5QGS9jtIoXp55T/IkSS3spv+nLTT07fRY/+T5xmEOqaYBVIaEmX4zTNvbV6g2lrtlaVKWEoNyJt3w=="],

    "@aws-sdk/credential-provider-web-identity": ["@aws-sdk/credential-provider-web-identity@3.972.55", "", { "dependencies": { "@aws-sdk/core": "^3.974.23", "@aws-sdk/nested-clients": "^3.997.23", "@aws-sdk/types": "^3.973.13", "@smithy/core": "^3.24.6", "@smithy/types": "^4.14.3", "tslib": "^2.6.2" } }, "sha512-g2BoECD1q01kTPByi56+VLVvdWDzMkKIcr77qixpqH0okw2t0U5CoPv+6S8v/D1Y2Wa6QKKtn6XAtDzP+Kfpvg=="],

    "@aws-sdk/credential-providers": ["@aws-sdk/credential-providers@3.1075.0", "", { "dependencies": { "@aws-sdk/client-cognito-identity": "3.1075.0", "@aws-sdk/core": "^3.974.23", "@aws-sdk/credential-provider-cognito-identity": "^3.972.48", "@aws-sdk/credential-provider-env": "^3.972.49", "@aws-sdk/credential-provider-http": "^3.972.51", "@aws-sdk/credential-provider-ini": "^3.972.56", "@aws-sdk/credential-provider-login": "^3.972.55", "@aws-sdk/credential-provider-node": "^3.972.58", "@aws-sdk/credential-provider-process": "^3.972.49", "@aws-sdk/credential-provider-sso": "^3.972.55", "@aws-sdk/credential-provider-web-identity": "^3.972.55", "@aws-sdk/nested-clients": "^3.997.23", "@aws-sdk/types": "^3.973.13", "@smithy/core": "^3.24.6", "@smithy/credential-provider-imds": "^4.3.7", "@smithy/types": "^4.14.3", "tslib": "^2.6.2" } }, "sha512-2HoJ1IxwdzEryyUmZvl6dVKfgWBnS6NzSDl5hOqmbHns5Cy+wCQLDFU+HGVi+kTGZgSyMZIa0rH7fQvNf7v9jQ=="],

    "@aws-sdk/nested-clients": ["@aws-sdk/nested-clients@3.997.23", "", { "dependencies": { "@aws-crypto/sha256-browser": "5.2.0", "@aws-crypto/sha256-js": "5.2.0", "@aws-sdk/core": "^3.974.23", "@aws-sdk/signature-v4-multi-region": "^3.996.35", "@aws-sdk/types": "^3.973.13", "@smithy/core": "^3.24.6", "@smithy/fetch-http-handler": "^5.4.6", "@smithy/node-http-handler": "^4.7.6", "@smithy/types": "^4.14.3", "tslib": "^2.6.2" } }, "sha512-gO93ZPsI2bxeFZD42f1/qjDw6FAZkNZcKRO94LIiT03fzOmcJ9e/tunxjVjA1Rl69ClmVJzz8H3G9CdKef10PA=="],

    "@aws-sdk/signature-v4-multi-region": ["@aws-sdk/signature-v4-multi-region@3.996.35", "", { "dependencies": { "@aws-sdk/types": "^3.973.13", "@smithy/signature-v4": "^5.4.6", "@smithy/types": "^4.14.3", "tslib": "^2.6.2" } }, "sha512-6L/VWs+Wch2stHemCGTmUNqKLMzURxQDK5boNG3Jn3kAOp71meDUuS5sbObpEvFxHDq0uWeSLFDNSYsjNt+Dlg=="],

    "@aws-sdk/token-providers": ["@aws-sdk/token-providers@3.1074.0", "", { "dependencies": { "@aws-sdk/core": "^3.974.23", "@aws-sdk/nested-clients": "^3.997.23", "@aws-sdk/types": "^3.973.13", "@smithy/core": "^3.24.6", "@smithy/types": "^4.14.3", "tslib": "^2.6.2" } }, "sha512-pv80IzgGW4RnXWtft692chZOM9i6PhebVsLCcnaM4dBEPZva2fE6FXAHs76G7Rc7s3yGyX/68G0nZMrUy+Vmpg=="],

    "@aws-sdk/types": ["@aws-sdk/types@3.973.13", "", { "dependencies": { "@smithy/types": "^4.14.3", "tslib": "^2.6.2" } }, "sha512-pEHZqRkAlHfnfAU9tK+WpKv/gBNjGJrHMgA3A0iYRGyswBS2t0pfez+lWlwktb3Bqa0ovh7w/QJTFwp3fDxLNg=="],

    "@aws-sdk/util-format-url": ["@aws-sdk/util-format-url@3.972.25", "", { "dependencies": { "@aws-sdk/core": "^3.974.23", "tslib": "^2.6.2" } }, "sha512-irTY6K0UaXfR9wionq3yJkxjF6r/4WV9YxaJT5RxLqmp8n2mohErhYJiEH+7lvIQmIt00xL3aGUmavqFe6yFcw=="],

    "@aws-sdk/util-locate-window": ["@aws-sdk/util-locate-window@3.965.8", "", { "dependencies": { "tslib": "^2.6.2" } }, "sha512-uUbMs1cBZPafD0ohUj6EwNf0fPZ534NvBxHox4hjX+0Rxq5paSYUem7+hi833pYrzrcnBATKIYpR02MDXT5M9g=="],

    "@aws-sdk/xml-builder": ["@aws-sdk/xml-builder@3.972.31", "", { "dependencies": { "@smithy/types": "^4.14.3", "tslib": "^2.6.2" } }, "sha512-SzE4Pgyl+hDF+BuyuzxUSpwnuUu9lJuO1YGgteG89/4Qv0+2IQiVQqdbPV32IozLvXWQChPQcdkk/sKvb1QHiQ=="],

    "@aws/lambda-invoke-store": ["@aws/lambda-invoke-store@0.2.4", "", {}, "sha512-iY8yvjE0y651BixKNPgmv1WrQc+GZ142sb0z4gYnChDDY2YqI4P/jsSopBWrKfAt7LOJAkOXt7rC/hms+WclQQ=="],

    "@aws/token-generator-for-aws-external-anthropic": ["@aws/token-generator-for-aws-external-anthropic@1.0.0", "", { "dependencies": { "@aws-sdk/credential-providers": "^3.525.0", "@aws-sdk/util-format-url": ">=3.525.0", "@smithy/config-resolver": "^4.1.4", "@smithy/hash-node": ">=2.1.3", "@smithy/invalid-dependency": "^4.0.4", "@smithy/node-config-provider": "^4.1.3", "@smithy/protocol-http": ">=3.2.1", "@smithy/signature-v4": ">=2.1.3", "@smithy/types": ">=2.11.0" } }, "sha512-KCJlD5QwgNdBEIpWBgVZUaexFZyk6a551o6BjarNDU+yna/kNCNv8soi2Qy/d2RdZKgE1GaKgAE9NzHO84wHow=="],

    "@biomejs/biome": ["@biomejs/biome@2.5.1", "", { "optionalDependencies": { "@biomejs/cli-darwin-arm64": "2.5.1", "@biomejs/cli-darwin-x64": "2.5.1", "@biomejs/cli-linux-arm64": "2.5.1", "@biomejs/cli-linux-arm64-musl": "2.5.1", "@biomejs/cli-linux-x64": "2.5.1", "@biomejs/cli-linux-x64-musl": "2.5.1", "@biomejs/cli-win32-arm64": "2.5.1", "@biomejs/cli-win32-x64": "2.5.1" }, "bin": { "biome": "bin/biome" } }, "sha512-IXWLCxKmae+rI7LOHS1B3EbVisQ6GRAWbhN9msa6KjNCyFWrvKZWR4oUdinaNssrV852OrSHuSPa95h1GPJc7Q=="],

    "@biomejs/cli-darwin-arm64": ["@biomejs/cli-darwin-arm64@2.5.1", "", { "os": "darwin", "cpu": "arm64" }, "sha512-npqDzvqv7vFaWRiNN1Te71siRgPaqS9MpqgYCdP/CrUbkJ7ApezaeaKjueKHRN/JH/6lRjJQAHi8acQDCAz22w=="],

    "@biomejs/cli-darwin-x64": ["@biomejs/cli-darwin-x64@2.5.1", "", { "os": "darwin", "cpu": "x64" }, "sha512-RgwTqPAM8g2tn1j+b5oRjF/DbSBX8a4gwojtuG9XuhfK7GgomvZ9+T+tqjXiVbjLEeGJOoL6VEk8mvRTVeSybw=="],

    "@biomejs/cli-linux-arm64": ["@biomejs/cli-linux-arm64@2.5.1", "", { "os": "linux", "cpu": "arm64" }, "sha512-yhV35CzZh38VyMvTEXi3JTjxZBs++oCKK9KG8vB6VI5+uvQvZNR3BFWEKKzuOmx9DJJj7sQpZ4LQJcmbGTs3+Q=="],

    "@biomejs/cli-linux-arm64-musl": ["@biomejs/cli-linux-arm64-musl@2.5.1", "", { "os": "linux", "cpu": "arm64" }, "sha512-WMcvMLgByyTqVxGlq918NBBYliq9FRR9GAQVETHb+VjGVqXCZFfHlZHC1FX4ibuYY/Hg6TJE3rHU0xVrdJXNRw=="],

    "@biomejs/cli-linux-x64": ["@biomejs/cli-linux-x64@2.5.1", "", { "os": "linux", "cpu": "x64" }, "sha512-J/7uHSX7NfoYDI7HijAkd8lnQIOrRb2W7j3X+tw4R+N5ExvXGsyXFiGdQcfcxfOmNQmZVSQOCDk757fwpzqQcg=="],

    "@biomejs/cli-linux-x64-musl": ["@biomejs/cli-linux-x64-musl@2.5.1", "", { "os": "linux", "cpu": "x64" }, "sha512-ANTowtlLmPYm5yeMckWY8Xzb9Ix+JJP3tgHR/n6xRj1VWyIzzWtfRfih9hv9VmClwadpBvZduISZIbBsIlYG3A=="],

    "@biomejs/cli-win32-arm64": ["@biomejs/cli-win32-arm64@2.5.1", "", { "os": "win32", "cpu": "arm64" }, "sha512-zgXnKNgWPC4iPF7Y1lR3STUeCUuZRpD6IiOrC7TZTlh0Lx6FiVUT05myuMQHQ9D+1cc7uyMldi4forE6lp0ivQ=="],

    "@biomejs/cli-win32-x64": ["@biomejs/cli-win32-x64@2.5.1", "", { "os": "win32", "cpu": "x64" }, "sha512-6uxpR9hvaglANkZemeSiN/FhYgkGasrEGn267eXIWvjrjJ2LhDlk251IhjVJq6MXzkV2/bcXwLwSroLyPtqRZg=="],

    "@smithy/config-resolver": ["@smithy/config-resolver@4.6.2", "", { "dependencies": { "@smithy/core": "^3.26.0", "tslib": "^2.6.2" } }, "sha512-kUY1m60FASy0ijf+0vEuZ7v+WqFlCAyyhvLkO/A15wY0hK2BLEN9Wszf/Uc3PDJWlqnrwRf+lNXOmzyds3Eflw=="],

    "@smithy/core": ["@smithy/core@3.26.0", "", { "dependencies": { "@aws-crypto/crc32": "5.2.0", "@smithy/types": "^4.15.0", "tslib": "^2.6.2" } }, "sha512-mLUktFAn+Pa2agl1J7VgtYNFWCX8/b4GMJSK1hCu4YCvtBfM6F8Os3EP4ry+DFFlXOf3wyvlgXhuUdFoy52D3g=="],

    "@smithy/credential-provider-imds": ["@smithy/credential-provider-imds@4.4.2", "", { "dependencies": { "@smithy/core": "^3.26.0", "@smithy/types": "^4.15.0", "tslib": "^2.6.2" } }, "sha512-18UMDMyrAbDcpmL1gLUA7ww0fRTcdCrSjSJOi2Sbld+tVjwD/pW+OAwjlScFLR7vvBnhZrIPQ7kVuTf1mnJLug=="],

    "@smithy/fetch-http-handler": ["@smithy/fetch-http-handler@5.5.2", "", { "dependencies": { "@smithy/core": "^3.26.0", "@smithy/types": "^4.15.0", "tslib": "^2.6.2" } }, "sha512-Ei/UK/QMhq0rKaMqGPlOAkE2yS9DZeYmZdk1RAKc3vp3zxgleZHZyBLlZv8yLsxljX4svCRuMTD6u3LLIcU4Bg=="],

    "@smithy/hash-node": ["@smithy/hash-node@4.4.2", "", { "dependencies": { "@smithy/core": "^3.26.0", "tslib": "^2.6.2" } }, "sha512-M/8PUgwzekn0GcMBjcrTXV4PGFIe1AKuMuHjkHNBfofCPQ9+9Nr35lCvRfQK9BwYHQM+LKiKj8GY0pXSwYm6qQ=="],

    "@smithy/invalid-dependency": ["@smithy/invalid-dependency@4.4.2", "", { "dependencies": { "@smithy/core": "^3.26.0", "tslib": "^2.6.2" } }, "sha512-GjmewKjtK4GQlWmKTIXABHTCW6z14kebGnW1P3CTvP9WWp0nmydkb4yhjkuIWlpXkAJfcAO3cEfRLeSATaEKSQ=="],

    "@smithy/is-array-buffer": ["@smithy/is-array-buffer@2.2.0", "", { "dependencies": { "tslib": "^2.6.2" } }, "sha512-GGP3O9QFD24uGeAXYUjwSTXARoqpZykHadOmA8G5vfJPK0/DC67qa//0qvqrJzL1xc8WQWX7/yc7fwudjPHPhA=="],

    "@smithy/node-config-provider": ["@smithy/node-config-provider@4.5.2", "", { "dependencies": { "@smithy/core": "^3.26.0", "tslib": "^2.6.2" } }, "sha512-kGnGhU7v/VSlKjcUHUNhMQ1eDiGKjDF6OlGlOWcilgsyR6Yyq4sDbEV6vs1RD8+xqj1OPpCYt817KAM44ymweQ=="],

    "@smithy/node-http-handler": ["@smithy/node-http-handler@4.8.2", "", { "dependencies": { "@smithy/core": "^3.26.0", "@smithy/types": "^4.15.0", "tslib": "^2.6.2" } }, "sha512-wfl1uwrAqMH9/pi4kqBo5LBcFwrJLxuDLqL7p7qNcJIFcyZDUc6pzhYk4CYv+DP7fIUpQCZumwNnkhPKS52osQ=="],

    "@smithy/protocol-http": ["@smithy/protocol-http@5.5.2", "", { "dependencies": { "@smithy/core": "^3.26.0", "tslib": "^2.6.2" } }, "sha512-ZCQGk/UNS+YF5D+Jmhr8+PQX2PJKe4QzR6zuOR5sUinxO/ZiKNA7nyrbeO/Ds2hXLts3fZAtgLPKLJgvjCX9uQ=="],

    "@smithy/signature-v4": ["@smithy/signature-v4@5.5.2", "", { "dependencies": { "@smithy/core": "^3.26.0", "@smithy/types": "^4.15.0", "tslib": "^2.6.2" } }, "sha512-7xHpmPY4rt0IOmeAA8EfjgEH8isT+587TCdy9H6a7d4OMi5CQ0oEHhWllunvPu4j4Cq0vTFwdxXN/kABWPjdyA=="],

    "@smithy/types": ["@smithy/types@4.15.0", "", { "dependencies": { "tslib": "^2.6.2" } }, "sha512-Z5TAOxygoFvybJV3igo5SloFflSokHx2hu1eFA+DxDTcn+FtKxUSui+rbTRG1pAafMA888Z3MVvCWUuvCrTXjg=="],

    "@smithy/util-buffer-from": ["@smithy/util-buffer-from@2.2.0", "", { "dependencies": { "@smithy/is-array-buffer": "^2.2.0", "tslib": "^2.6.2" } }, "sha512-IJdWBbTcMQ6DA0gdNhh/BwrLkDR+ADW5Kr1aZmd4k3DIF6ezMV4R2NIAmT08wQJ3yUK82thHWmC/TnK/wpMMIA=="],

    "@smithy/util-utf8": ["@smithy/util-utf8@2.3.0", "", { "dependencies": { "@smithy/util-buffer-from": "^2.2.0", "tslib": "^2.6.2" } }, "sha512-R8Rdn8Hy72KKcebgLiv8jQcQkXoLMOGGv5uI1/k0l+snqkOzQ1R0ChUBCxWMlBsFMekWjq0wRudIweFs7sKT5A=="],

    "@types/bun": ["@types/bun@1.3.14", "", { "dependencies": { "bun-types": "1.3.14" } }, "sha512-h1hFqFVcvAvD9j9K7ZW7vd82aSA+rTdznZa+5bwvCwqSB1jmmfLcbIWhOLx1/+boy/xmjgCs/OMUL8hRJSmnPw=="],

    "@types/node": ["@types/node@26.0.1", "", { "dependencies": { "undici-types": "~8.3.0" } }, "sha512-fc3KiUoBt6kie0N9bIW3E47vZsuaMf0PM2AaUpLCLT0s/LvX1nxAim6Fc049cNxODPpGm6qRAuUOB86SkRuPQw=="],

    "ansi-escapes": ["ansi-escapes@7.3.0", "", { "dependencies": { "environment": "^1.0.0" } }, "sha512-BvU8nYgGQBxcmMuEeUEmNTvrMVjJNSH7RgW24vXexN4Ven6qCvy4TntnvlnwnMLTVlcRQQdbRY8NKnaIoeWDNg=="],

    "ansi-regex": ["ansi-regex@6.2.2", "", {}, "sha512-Bq3SmSpyFHaWjPk8If9yc6svM8c56dB5BAtW4Qbw5jHTwwXXcTLoRMkpDJp6VL0XzlWaCHTXrkFURMYmD0sLqg=="],

    "ansi-styles": ["ansi-styles@6.2.3", "", {}, "sha512-4Dj6M28JB+oAH8kFkTLUo+a2jwOFkuqb3yucU0CANcRRUbxS0cP0nZYCGjcc3BNXwRIsUVmDGgzawme7zvJHvg=="],

    "bowser": ["bowser@2.14.1", "", {}, "sha512-tzPjzCxygAKWFOJP011oxFHs57HzIhOEracIgAePE4pqB3LikALKnSzUyU4MGs9/iCEUuHlAJTjTc5M+u7YEGg=="],

    "bun-types": ["bun-types@1.3.14", "", { "dependencies": { "@types/node": "*" } }, "sha512-4N0ig0fEomHt5R0KCFWjovxow98rIoRwKolrYdCcknNwMekCXRnWEUvgu5soYV8QXtVsrUD8B95MBOZGPvr6KQ=="],

    "cli-cursor": ["cli-cursor@5.0.0", "", { "dependencies": { "restore-cursor": "^5.0.0" } }, "sha512-aCj4O5wKyszjMmDT4tZj93kxyydN/K5zPWSCe6/0AV/AA1pqe5ZBIw0a2ZfPQV7lL5/yb5HsUreJ6UFAF1tEQw=="],

    "cli-truncate": ["cli-truncate@5.2.0", "", { "dependencies": { "slice-ansi": "^8.0.0", "string-width": "^8.2.0" } }, "sha512-xRwvIOMGrfOAnM1JYtqQImuaNtDEv9v6oIYAs4LIHwTiKee8uwvIi363igssOC0O5U04i4AlENs79LQLu9tEMw=="],

    "emoji-regex": ["emoji-regex@10.6.0", "", {}, "sha512-toUI84YS5YmxW219erniWD0CIVOo46xGKColeNQRgOzDorgBi1v4D71/OFzgD9GO2UGKIv1C3Sp8DAn0+j5w7A=="],

    "environment": ["environment@1.1.0", "", {}, "sha512-xUtoPkMggbz0MPyPiIWr1Kp4aeWJjDZ6SMvURhimjdZgsRuDplF5/s9hcgGhyXMhs+6vpnuoiZ2kFiu3FMnS8Q=="],

    "eventemitter3": ["eventemitter3@5.0.4", "", {}, "sha512-mlsTRyGaPBjPedk6Bvw+aqbsXDtoAyAzm5MO7JgU+yVRyMQ5O8bD4Kcci7BS85f93veegeCPkL8R4GLClnjLFw=="],

    "get-east-asian-width": ["get-east-asian-width@1.6.0", "", {}, "sha512-QRbvDIbx6YklUe6RxeTeleMR0yv3cYH6PsPZHcnVn7xv7zO1BHN8r0XETu8n6Ye3Q+ahtSarc3WgtNWmehIBfA=="],

    "husky": ["husky@9.1.7", "", { "bin": { "husky": "bin.js" } }, "sha512-5gs5ytaNjBrh5Ow3zrvdUUY+0VxIuWVL4i9irt6friV+BqdCfmV11CQTWMiBYWHbXhco+J1kHfTOUkePhCDvMA=="],

    "is-fullwidth-code-point": ["is-fullwidth-code-point@5.1.0", "", { "dependencies": { "get-east-asian-width": "^1.3.1" } }, "sha512-5XHYaSyiqADb4RnZ1Bdad6cPp8Toise4TzEjcOYDHZkTCbKgiUl7WTUCpNWHuxmDt91wnsZBc9xinNzopv3JMQ=="],

    "lint-staged": ["lint-staged@17.0.8", "", { "dependencies": { "listr2": "^10.2.1", "picomatch": "^4.0.4", "string-argv": "^0.3.2", "tinyexec": "^1.2.4" }, "optionalDependencies": { "yaml": "^2.9.0" }, "bin": { "lint-staged": "bin/lint-staged.js" } }, "sha512-B2P/d+jVW0UXOQ0MVMLrB/9ydA1P+zz6jYfdrbbEd9ur3S2rcbduFWKiUCC02Sm5hbC8nrm7y24WuYMG54HfxA=="],

    "listr2": ["listr2@10.2.2", "", { "dependencies": { "cli-truncate": "^5.2.0", "eventemitter3": "^5.0.4", "log-update": "^6.1.0", "rfdc": "^1.4.1", "wrap-ansi": "^10.0.0" } }, "sha512-JtNtbZj8q5BnDMR7trpwvwk3RIrANtIVzEUm8w7amp6xelLgyuq+4WZoTH913XaQAoH/cNdYhaNzBPA2U3xbDw=="],

    "log-update": ["log-update@6.1.0", "", { "dependencies": { "ansi-escapes": "^7.0.0", "cli-cursor": "^5.0.0", "slice-ansi": "^7.1.0", "strip-ansi": "^7.1.0", "wrap-ansi": "^9.0.0" } }, "sha512-9ie8ItPR6tjY5uYJh8K/Zrv/RMZ5VOlOWvtZdEHYSTFKZfIBPQa9tOAEeAWhd+AnIneLJ22w5fjOYtoutpWq5w=="],

    "mimic-function": ["mimic-function@5.0.1", "", {}, "sha512-VP79XUPxV2CigYP3jWwAUFSku2aKqBH7uTAapFWCBqutsbmDo96KY5o8uh6U+/YSIn5OxJnXp73beVkpqMIGhA=="],

    "onetime": ["onetime@7.0.0", "", { "dependencies": { "mimic-function": "^5.0.0" } }, "sha512-VXJjc87FScF88uafS3JllDgvAm+c/Slfz06lorj2uAY34rlUu0Nt+v8wreiImcrgAjjIHp1rXpTDlLOGw29WwQ=="],

    "picomatch": ["picomatch@4.0.4", "", {}, "sha512-QP88BAKvMam/3NxH6vj2o21R6MjxZUAd6nlwAS/pnGvN9IVLocLHxGYIzFhg6fUQ+5th6P4dv4eW9jX3DSIj7A=="],

    "restore-cursor": ["restore-cursor@5.1.0", "", { "dependencies": { "onetime": "^7.0.0", "signal-exit": "^4.1.0" } }, "sha512-oMA2dcrw6u0YfxJQXm342bFKX/E4sG9rbTzO9ptUcR/e8A33cHuvStiYOwH7fszkZlZ1z/ta9AAoPk2F4qIOHA=="],

    "rfdc": ["rfdc@1.4.1", "", {}, "sha512-q1b3N5QkRUWUl7iyylaaj3kOpIT0N2i9MqIEQXP73GVsN9cw3fdx8X63cEmWhJGi2PPCF23Ijp7ktmd39rawIA=="],

    "signal-exit": ["signal-exit@4.1.0", "", {}, "sha512-bzyZ1e88w9O1iNJbKnOlvYTrWPDl46O1bG0D3XInv+9tkPrxrN8jUUTiFlDkkmKWgn1M6CfIA13SuGqOa9Korw=="],

    "slice-ansi": ["slice-ansi@8.0.0", "", { "dependencies": { "ansi-styles": "^6.2.3", "is-fullwidth-code-point": "^5.1.0" } }, "sha512-stxByr12oeeOyY2BlviTNQlYV5xOj47GirPr4yA1hE9JCtxfQN0+tVbkxwCtYDQWhEKWFHsEK48ORg5jrouCAg=="],

    "string-argv": ["string-argv@0.3.2", "", {}, "sha512-aqD2Q0144Z+/RqG52NeHEkZauTAUWJO8c6yTftGJKO3Tja5tUgIfmIl6kExvhtxSDP7fXB6DvzkfMpCd/F3G+Q=="],

    "string-width": ["string-width@8.2.1", "", { "dependencies": { "get-east-asian-width": "^1.5.0", "strip-ansi": "^7.1.2" } }, "sha512-IIaP0g3iy9Cyy18w3M9YcaDudujEAVHKt3a3QJg1+sr/oX96TbaGUubG0hJyCjCBThFH+tFpcIyoUHUn1ogaLA=="],

    "strip-ansi": ["strip-ansi@7.2.0", "", { "dependencies": { "ansi-regex": "^6.2.2" } }, "sha512-yDPMNjp4WyfYBkHnjIRLfca1i6KMyGCtsVgoKe/z1+6vukgaENdgGBZt+ZmKPc4gavvEZ5OgHfHdrazhgNyG7w=="],

    "tinyexec": ["tinyexec@1.2.4", "", {}, "sha512-SHf/r48b7vOrjve9PxJo3MN5v5yuyjHvdUcrQffT3WXMUfnGmHDVbC4k3sHJaJTgZCwpUplIaAo5ANtMyp3YHg=="],

    "tslib": ["tslib@2.8.1", "", {}, "sha512-oJFu94HQb+KVduSUQL7wnpmqnfmLsOA/nAh6b6EH0wCEoK0/mPeXU6c3wKDV83MkOuHPRHtSXKKU99IBazS/2w=="],

    "typescript": ["typescript@5.9.3", "", { "bin": { "tsc": "bin/tsc", "tsserver": "bin/tsserver" } }, "sha512-jl1vZzPDinLr9eUt3J/t7V6FgNEw9QjvBPdysz9KfQDD41fQrC2Y4vKQdiaUpFT4bXlb1RHhLpp8wtm6M5TgSw=="],

    "undici-types": ["undici-types@8.3.0", "", {}, "sha512-j375ScV60dom+YkPFIfTLcOiPxkN/buHz5GobjLhixFuANaNs3C9l4GmrWqejgXWJ7BbJcFYpTEUkS1Ge8bpZQ=="],

    "wrap-ansi": ["wrap-ansi@10.0.0", "", { "dependencies": { "ansi-styles": "^6.2.3", "string-width": "^8.2.0", "strip-ansi": "^7.1.2" } }, "sha512-SGcvg80f0wUy2/fXES19feHMz8E0JoXv2uNgHOu4Dgi2OrCy1lqwFYEJz1BLbDI0exjPMe/ZdzZ/YpGECBG/aQ=="],

    "yaml": ["yaml@2.9.0", "", { "bin": { "yaml": "bin.mjs" } }, "sha512-2AvhNX3mb8zd6Zy7INTtSpl1F15HW6Wnqj0srWlkKLcpYl/gMIMJiyuGq2KeI2YFxUPjdlB+3Lc10seMLtL4cA=="],

    "log-update/slice-ansi": ["slice-ansi@7.1.2", "", { "dependencies": { "ansi-styles": "^6.2.1", "is-fullwidth-code-point": "^5.0.0" } }, "sha512-iOBWFgUX7caIZiuutICxVgX1SdxwAVFFKwt1EvMYYec/NWO5meOJ6K5uQxhrYBdQJne4KxiqZc+KptFOWFSI9w=="],

    "log-update/wrap-ansi": ["wrap-ansi@9.0.2", "", { "dependencies": { "ansi-styles": "^6.2.1", "string-width": "^7.0.0", "strip-ansi": "^7.1.0" } }, "sha512-42AtmgqjV+X1VpdOfyTGOYRi0/zsoLqtXQckTmqTeybT+BDIbM/Guxo7x3pE2vtpr1ok6xRqM9OpBe+Jyoqyww=="],

    "log-update/wrap-ansi/string-width": ["string-width@7.2.0", "", { "dependencies": { "emoji-regex": "^10.3.0", "get-east-asian-width": "^1.0.0", "strip-ansi": "^7.1.0" } }, "sha512-tsaTIkKW9b4N+AEj+SVA+WhJzV7/zMhcSu78mLKWSk7cXMOSHsBKFWUs0fWwq8QyK3MgJBQRX6Gbi4kYbdvGkQ=="],
  }
}
